// !$*UTF8*$!
{
	archiveVersion = 1;
	classes = {
	};
	objectVersion = 50;
	objects = {

/* Begin PBXBuildFile section */
		A176FCA6207DF3C200EB75B2 /* AppDelegate.m in Sources */ = {isa = PBXBuildFile; fileRef = A176FCA5207DF3C200EB75B2 /* AppDelegate.m */; };
		A176FCA9207DF3C200EB75B2 /* ViewController.m in Sources */ = {isa = PBXBuildFile; fileRef = A176FCA8207DF3C200EB75B2 /* ViewController.m */; };
		A176FCAC207DF3C200EB75B2 /* Main.storyboard in Resources */ = {isa = PBXBuildFile; fileRef = A176FCAA207DF3C200EB75B2 /* Main.storyboard */; };
		A176FCAE207DF3C500EB75B2 /* Assets.xcassets in Resources */ = {isa = PBXBuildFile; fileRef = A176FCAD207DF3C500EB75B2 /* Assets.xcassets */; };
		A176FCB1207DF3C500EB75B2 /* LaunchScreen.storyboard in Resources */ = {isa = PBXBuildFile; fileRef = A176FCAF207DF3C500EB75B2 /* LaunchScreen.storyboard */; };
		A176FCB4207DF3C500EB75B2 /* main.m in Sources */ = {isa = PBXBuildFile; fileRef = A176FCB3207DF3C500EB75B2 /* main.m */; };
		A176FCBE207DF3C500EB75B2 /* rulerTests.m in Sources */ = {isa = PBXBuildFile; fileRef = A176FCBD207DF3C500EB75B2 /* rulerTests.m */; };
		A176FCC9207DF3C500EB75B2 /* rulerUITests.m in Sources */ = {isa = PBXBuildFile; fileRef = A176FCC8207DF3C500EB75B2 /* rulerUITests.m */; };
		A176FD37207DF49E00EB75B2 /* RulerVerticalScaleView.m in Sources */ = {isa = PBXBuildFile; fileRef = A176FD34207DF49D00EB75B2 /* RulerVerticalScaleView.m */; };
		A176FD38207DF49E00EB75B2 /* RulerTransverseScaleView.m in Sources */ = {isa = PBXBuildFile; fileRef = A176FD36207DF49E00EB75B2 /* RulerTransverseScaleView.m */; };
		A176FD3E207DF65800EB75B2 /* ScaleHelper.m in Sources */ = {isa = PBXBuildFile; fileRef = A176FD3C207DF65800EB75B2 /* ScaleHelper.m */; };
		A176FD41207DF71D00EB75B2 /* PatientWeightVC.m in Sources */ = {isa = PBXBuildFile; fileRef = A176FD3F207DF71D00EB75B2 /* PatientWeightVC.m */; };
		A176FD43207DF83D00EB75B2 /* patientheightView@3x.png in Resources */ = {isa = PBXBuildFile; fileRef = A176FD42207DF83D00EB75B2 /* patientheightView@3x.png */; };
		A176FD45207DF85600EB75B2 /* man@3x.png in Resources */ = {isa = PBXBuildFile; fileRef = A176FD44207DF85600EB75B2 /* man@3x.png */; };
		A176FD47207DF86700EB75B2 /* colorimage2@3x.png in Resources */ = {isa = PBXBuildFile; fileRef = A176FD46207DF86700EB75B2 /* colorimage2@3x.png */; };
		A176FD49207DF87100EB75B2 /* scaleImage2@3x.png in Resources */ = {isa = PBXBuildFile; fileRef = A176FD48207DF87100EB75B2 /* scaleImage2@3x.png */; };
		A176FD4C207DFA5C00EB75B2 /* PatientHeightVC.m in Sources */ = {isa = PBXBuildFile; fileRef = A176FD4A207DFA5B00EB75B2 /* PatientHeightVC.m */; };
		A176FD51207DFDF000EB75B2 /* colorView1@3x.png in Resources */ = {isa = PBXBuildFile; fileRef = A176FD50207DFDF000EB75B2 /* colorView1@3x.png */; };
		A176FD53207F040300EB75B2 /* scaleImage1@3x.png in Resources */ = {isa = PBXBuildFile; fileRef = A176FD52207F040300EB75B2 /* scaleImage1@3x.png */; };
		A176FD57207F099200EB75B2 /* show.gif in Resources */ = {isa = PBXBuildFile; fileRef = A176FD56207F099200EB75B2 /* show.gif */; };
/* End PBXBuildFile section */

/* Begin PBXContainerItemProxy section */
		A176FCBA207DF3C500EB75B2 /* PBXContainerItemProxy */ = {
			isa = PBXContainerItemProxy;
			containerPortal = A176FC99207DF3C200EB75B2 /* Project object */;
			proxyType = 1;
			remoteGlobalIDString = A176FCA0207DF3C200EB75B2;
			remoteInfo = ruler;
		};
		A176FCC5207DF3C500EB75B2 /* PBXContainerItemProxy */ = {
			isa = PBXContainerItemProxy;
			containerPortal = A176FC99207DF3C200EB75B2 /* Project object */;
			proxyType = 1;
			remoteGlobalIDString = A176FCA0207DF3C200EB75B2;
			remoteInfo = ruler;
		};
/* End PBXContainerItemProxy section */

/* Begin PBXFileReference section */
		A176FCA1207DF3C200EB75B2 /* ruler.app */ = {isa = PBXFileReference; explicitFileType = wrapper.application; includeInIndex = 0; path = ruler.app; sourceTree = BUILT_PRODUCTS_DIR; };
		A176FCA4207DF3C200EB75B2 /* AppDelegate.h */ = {isa = PBXFileReference; lastKnownFileType = sourcecode.c.h; path = AppDelegate.h; sourceTree = "<group>"; };
		A176FCA5207DF3C200EB75B2 /* AppDelegate.m */ = {isa = PBXFileReference; lastKnownFileType = sourcecode.c.objc; path = AppDelegate.m; sourceTree = "<group>"; };
		A176FCA7207DF3C200EB75B2 /* ViewController.h */ = {isa = PBXFileReference; lastKnownFileType = sourcecode.c.h; path = ViewController.h; sourceTree = "<group>"; };
		A176FCA8207DF3C200EB75B2 /* ViewController.m */ = {isa = PBXFileReference; lastKnownFileType = sourcecode.c.objc; path = ViewController.m; sourceTree = "<group>"; };
		A176FCAB207DF3C200EB75B2 /* Base */ = {isa = PBXFileReference; lastKnownFileType = file.storyboard; name = Base; path = Base.lproj/Main.storyboard; sourceTree = "<group>"; };
		A176FCAD207DF3C500EB75B2 /* Assets.xcassets */ = {isa = PBXFileReference; lastKnownFileType = folder.assetcatalog; path = Assets.xcassets; sourceTree = "<group>"; };
		A176FCB0207DF3C500EB75B2 /* Base */ = {isa = PBXFileReference; lastKnownFileType = file.storyboard; name = Base; path = Base.lproj/LaunchScreen.storyboard; sourceTree = "<group>"; };
		A176FCB2207DF3C500EB75B2 /* Info.plist */ = {isa = PBXFileReference; lastKnownFileType = text.plist.xml; path = Info.plist; sourceTree = "<group>"; };
		A176FCB3207DF3C500EB75B2 /* main.m */ = {isa = PBXFileReference; lastKnownFileType = sourcecode.c.objc; path = main.m; sourceTree = "<group>"; };
		A176FCB9207DF3C500EB75B2 /* rulerTests.xctest */ = {isa = PBXFileReference; explicitFileType = wrapper.cfbundle; includeInIndex = 0; path = rulerTests.xctest; sourceTree = BUILT_PRODUCTS_DIR; };
		A176FCBD207DF3C500EB75B2 /* rulerTests.m */ = {isa = PBXFileReference; lastKnownFileType = sourcecode.c.objc; path = rulerTests.m; sourceTree = "<group>"; };
		A176FCBF207DF3C500EB75B2 /* Info.plist */ = {isa = PBXFileReference; lastKnownFileType = text.plist.xml; path = Info.plist; sourceTree = "<group>"; };
		A176FCC4207DF3C500EB75B2 /* rulerUITests.xctest */ = {isa = PBXFileReference; explicitFileType = wrapper.cfbundle; includeInIndex = 0; path = rulerUITests.xctest; sourceTree = BUILT_PRODUCTS_DIR; };
		A176FCC8207DF3C500EB75B2 /* rulerUITests.m */ = {isa = PBXFileReference; lastKnownFileType = sourcecode.c.objc; path = rulerUITests.m; sourceTree = "<group>"; };
		A176FCCA207DF3C500EB75B2 /* Info.plist */ = {isa = PBXFileReference; lastKnownFileType = text.plist.xml; path = Info.plist; sourceTree = "<group>"; };
		A176FD33207DF49D00EB75B2 /* RulerTransverseScaleView.h */ = {isa = PBXFileReference; fileEncoding = 4; lastKnownFileType = sourcecode.c.h; path = RulerTransverseScaleView.h; sourceTree = "<group>"; };
		A176FD34207DF49D00EB75B2 /* RulerVerticalScaleView.m */ = {isa = PBXFileReference; fileEncoding = 4; lastKnownFileType = sourcecode.c.objc; path = RulerVerticalScaleView.m; sourceTree = "<group>"; };
		A176FD35207DF49E00EB75B2 /* RulerVerticalScaleView.h */ = {isa = PBXFileReference; fileEncoding = 4; lastKnownFileType = sourcecode.c.h; path = RulerVerticalScaleView.h; sourceTree = "<group>"; };
		A176FD36207DF49E00EB75B2 /* RulerTransverseScaleView.m */ = {isa = PBXFileReference; fileEncoding = 4; lastKnownFileType = sourcecode.c.objc; path = RulerTransverseScaleView.m; sourceTree = "<group>"; };
		A176FD3C207DF65800EB75B2 /* ScaleHelper.m */ = {isa = PBXFileReference; fileEncoding = 4; lastKnownFileType = sourcecode.c.objc; path = ScaleHelper.m; sourceTree = "<group>"; };
		A176FD3D207DF65800EB75B2 /* ScaleHelper.h */ = {isa = PBXFileReference; fileEncoding = 4; lastKnownFileType = sourcecode.c.h; path = ScaleHelper.h; sourceTree = "<group>"; };
		A176FD3F207DF71D00EB75B2 /* PatientWeightVC.m */ = {isa = PBXFileReference; fileEncoding = 4; lastKnownFileType = sourcecode.c.objc; path = PatientWeightVC.m; sourceTree = "<group>"; };
		A176FD40207DF71D00EB75B2 /* PatientWeightVC.h */ = {isa = PBXFileReference; fileEncoding = 4; lastKnownFileType = sourcecode.c.h; path = PatientWeightVC.h; sourceTree = "<group>"; };
		A176FD42207DF83D00EB75B2 /* patientheightView@3x.png */ = {isa = PBXFileReference; lastKnownFileType = image.png; path = "patientheightView@3x.png"; sourceTree = "<group>"; };
		A176FD44207DF85600EB75B2 /* man@3x.png */ = {isa = PBXFileReference; lastKnownFileType = image.png; path = "man@3x.png"; sourceTree = "<group>"; };
		A176FD46207DF86700EB75B2 /* colorimage2@3x.png */ = {isa = PBXFileReference; lastKnownFileType = image.png; path = "colorimage2@3x.png"; sourceTree = "<group>"; };
		A176FD48207DF87100EB75B2 /* scaleImage2@3x.png */ = {isa = PBXFileReference; lastKnownFileType = image.png; path = "scaleImage2@3x.png"; sourceTree = "<group>"; };
		A176FD4A207DFA5B00EB75B2 /* PatientHeightVC.m */ = {isa = PBXFileReference; fileEncoding = 4; lastKnownFileType = sourcecode.c.objc; path = PatientHeightVC.m; sourceTree = "<group>"; };
		A176FD4B207DFA5C00EB75B2 /* PatientHeightVC.h */ = {isa = PBXFileReference; fileEncoding = 4; lastKnownFileType = sourcecode.c.h; path = PatientHeightVC.h; sourceTree = "<group>"; };
		A176FD50207DFDF000EB75B2 /* colorView1@3x.png */ = {isa = PBXFileReference; lastKnownFileType = image.png; path = "colorView1@3x.png"; sourceTree = "<group>"; };
		A176FD52207F040300EB75B2 /* scaleImage1@3x.png */ = {isa = PBXFileReference; lastKnownFileType = image.png; path = "scaleImage1@3x.png"; sourceTree = "<group>"; };
		A176FD56207F099200EB75B2 /* show.gif */ = {isa = PBXFileReference; lastKnownFileType = image.gif; path = show.gif; sourceTree = "<group>"; };
/* End PBXFileReference section */

/* Begin PBXFrameworksBuildPhase section */
		A176FC9E207DF3C200EB75B2 /* Frameworks */ = {
			isa = PBXFrameworksBuildPhase;
			buildActionMask = 2147483647;
			files = (
			);
			runOnlyForDeploymentPostprocessing = 0;
		};
		A176FCB6207DF3C500EB75B2 /* Frameworks */ = {
			isa = PBXFrameworksBuildPhase;
			buildActionMask = 2147483647;
			files = (
			);
			runOnlyForDeploymentPostprocessing = 0;
		};
		A176FCC1207DF3C500EB75B2 /* Frameworks */ = {
			isa = PBXFrameworksBuildPhase;
			buildActionMask = 2147483647;
			files = (
			);
			runOnlyForDeploymentPostprocessing = 0;
		};
/* End PBXFrameworksBuildPhase section */

/* Begin PBXGroup section */
		A176FC98207DF3C200EB75B2 = {
			isa = PBXGroup;
			children = (
				A176FCA3207DF3C200EB75B2 /* ruler */,
				A176FCBC207DF3C500EB75B2 /* rulerTests */,
				A176FCC7207DF3C500EB75B2 /* rulerUITests */,
				A176FCA2207DF3C200EB75B2 /* Products */,
			);
			sourceTree = "<group>";
		};
		A176FCA2207DF3C200EB75B2 /* Products */ = {
			isa = PBXGroup;
			children = (
				A176FCA1207DF3C200EB75B2 /* ruler.app */,
				A176FCB9207DF3C500EB75B2 /* rulerTests.xctest */,
				A176FCC4207DF3C500EB75B2 /* rulerUITests.xctest */,
			);
			name = Products;
			sourceTree = "<group>";
		};
		A176FCA3207DF3C200EB75B2 /* ruler */ = {
			isa = PBXGroup;
			children = (
				A176FD4F207DFB7400EB75B2 /* viewController */,
				A176FD4E207DFB5A00EB75B2 /* rulerView */,
				A176FD4D207DFB4A00EB75B2 /* image */,
				A176FD3D207DF65800EB75B2 /* ScaleHelper.h */,
				A176FD3C207DF65800EB75B2 /* ScaleHelper.m */,
				A176FCA4207DF3C200EB75B2 /* AppDelegate.h */,
				A176FCA5207DF3C200EB75B2 /* AppDelegate.m */,
				A176FCA7207DF3C200EB75B2 /* ViewController.h */,
				A176FCA8207DF3C200EB75B2 /* ViewController.m */,
				A176FCAA207DF3C200EB75B2 /* Main.storyboard */,
				A176FCAD207DF3C500EB75B2 /* Assets.xcassets */,
				A176FCAF207DF3C500EB75B2 /* LaunchScreen.storyboard */,
				A176FCB2207DF3C500EB75B2 /* Info.plist */,
				A176FCB3207DF3C500EB75B2 /* main.m */,
			);
			path = ruler;
			sourceTree = "<group>";
		};
		A176FCBC207DF3C500EB75B2 /* rulerTests */ = {
			isa = PBXGroup;
			children = (
				A176FCBD207DF3C500EB75B2 /* rulerTests.m */,
				A176FCBF207DF3C500EB75B2 /* Info.plist */,
			);
			path = rulerTests;
			sourceTree = "<group>";
		};
		A176FCC7207DF3C500EB75B2 /* rulerUITests */ = {
			isa = PBXGroup;
			children = (
				A176FCC8207DF3C500EB75B2 /* rulerUITests.m */,
				A176FCCA207DF3C500EB75B2 /* Info.plist */,
			);
			path = rulerUITests;
			sourceTree = "<group>";
		};
		A176FD4D207DFB4A00EB75B2 /* image */ = {
			isa = PBXGroup;
			children = (
				A176FD56207F099200EB75B2 /* show.gif */,
				A176FD52207F040300EB75B2 /* scaleImage1@3x.png */,
				A176FD50207DFDF000EB75B2 /* colorView1@3x.png */,
				A176FD42207DF83D00EB75B2 /* patientheightView@3x.png */,
				A176FD44207DF85600EB75B2 /* man@3x.png */,
				A176FD48207DF87100EB75B2 /* scaleImage2@3x.png */,
				A176FD46207DF86700EB75B2 /* colorimage2@3x.png */,
			);
			path = image;
			sourceTree = "<group>";
		};
		A176FD4E207DFB5A00EB75B2 /* rulerView */ = {
			isa = PBXGroup;
			children = (
				A176FD33207DF49D00EB75B2 /* RulerTransverseScaleView.h */,
				A176FD36207DF49E00EB75B2 /* RulerTransverseScaleView.m */,
				A176FD35207DF49E00EB75B2 /* RulerVerticalScaleView.h */,
				A176FD34207DF49D00EB75B2 /* RulerVerticalScaleView.m */,
			);
			path = rulerView;
			sourceTree = "<group>";
		};
		A176FD4F207DFB7400EB75B2 /* viewController */ = {
			isa = PBXGroup;
			children = (
				A176FD40207DF71D00EB75B2 /* PatientWeightVC.h */,
				A176FD3F207DF71D00EB75B2 /* PatientWeightVC.m */,
				A176FD4B207DFA5C00EB75B2 /* PatientHeightVC.h */,
				A176FD4A207DFA5B00EB75B2 /* PatientHeightVC.m */,
			);
			path = viewController;
			sourceTree = "<group>";
		};
/* End PBXGroup section */

/* Begin PBXNativeTarget section */
		A176FCA0207DF3C200EB75B2 /* ruler */ = {
			isa = PBXNativeTarget;
			buildConfigurationList = A176FCCD207DF3C500EB75B2 /* Build configuration list for PBXNativeTarget "ruler" */;
			buildPhases = (
				A176FC9D207DF3C200EB75B2 /* Sources */,
				A176FC9E207DF3C200EB75B2 /* Frameworks */,
				A176FC9F207DF3C200EB75B2 /* Resources */,
			);
			buildRules = (
			);
			dependencies = (
			);
			name = ruler;
			productName = ruler;
			productReference = A176FCA1207DF3C200EB75B2 /* ruler.app */;
			productType = "com.apple.product-type.application";
		};
		A176FCB8207DF3C500EB75B2 /* rulerTests */ = {
			isa = PBXNativeTarget;
			buildConfigurationList = A176FCD0207DF3C500EB75B2 /* Build configuration list for PBXNativeTarget "rulerTests" */;
			buildPhases = (
				A176FCB5207DF3C500EB75B2 /* Sources */,
				A176FCB6207DF3C500EB75B2 /* Frameworks */,
				A176FCB7207DF3C500EB75B2 /* Resources */,
			);
			buildRules = (
			);
			dependencies = (
				A176FCBB207DF3C500EB75B2 /* PBXTargetDependency */,
			);
			name = rulerTests;
			productName = rulerTests;
			productReference = A176FCB9207DF3C500EB75B2 /* rulerTests.xctest */;
			productType = "com.apple.product-type.bundle.unit-test";
		};
		A176FCC3207DF3C500EB75B2 /* rulerUITests */ = {
			isa = PBXNativeTarget;
			buildConfigurationList = A176FCD3207DF3C500EB75B2 /* Build configuration list for PBXNativeTarget "rulerUITests" */;
			buildPhases = (
				A176FCC0207DF3C500EB75B2 /* Sources */,
				A176FCC1207DF3C500EB75B2 /* Frameworks */,
				A176FCC2207DF3C500EB75B2 /* Resources */,
			);
			buildRules = (
			);
			dependencies = (
				A176FCC6207DF3C500EB75B2 /* PBXTargetDependency */,
			);
			name = rulerUITests;
			productName = rulerUITests;
			productReference = A176FCC4207DF3C500EB75B2 /* rulerUITests.xctest */;
			productType = "com.apple.product-type.bundle.ui-testing";
		};
/* End PBXNativeTarget section */

/* Begin PBXProject section */
		A176FC99207DF3C200EB75B2 /* Project object */ = {
			isa = PBXProject;
			attributes = {
				LastUpgradeCheck = 0930;
				ORGANIZATIONNAME = andy;
				TargetAttributes = {
					A176FCA0207DF3C200EB75B2 = {
						CreatedOnToolsVersion = 9.3;
					};
					A176FCB8207DF3C500EB75B2 = {
						CreatedOnToolsVersion = 9.3;
						TestTargetID = A176FCA0207DF3C200EB75B2;
					};
					A176FCC3207DF3C500EB75B2 = {
						CreatedOnToolsVersion = 9.3;
						TestTargetID = A176FCA0207DF3C200EB75B2;
					};
				};
			};
			buildConfigurationList = A176FC9C207DF3C200EB75B2 /* Build configuration list for PBXProject "ruler" */;
			compatibilityVersion = "Xcode 9.3";
			developmentRegion = en;
			hasScannedForEncodings = 0;
			knownRegions = (
				en,
				Base,
			);
			mainGroup = A176FC98207DF3C200EB75B2;
			productRefGroup = A176FCA2207DF3C200EB75B2 /* Products */;
			projectDirPath = "";
			projectRoot = "";
			targets = (
				A176FCA0207DF3C200EB75B2 /* ruler */,
				A176FCB8207DF3C500EB75B2 /* rulerTests */,
				A176FCC3207DF3C500EB75B2 /* rulerUITests */,
			);
		};
/* End PBXProject section */

/* Begin PBXResourcesBuildPhase section */
		A176FC9F207DF3C200EB75B2 /* Resources */ = {
			isa = PBXResourcesBuildPhase;
			buildActionMask = 2147483647;
			files = (
				A176FD47207DF86700EB75B2 /* colorimage2@3x.png in Resources */,
				A176FCB1207DF3C500EB75B2 /* LaunchScreen.storyboard in Resources */,
				A176FD51207DFDF000EB75B2 /* colorView1@3x.png in Resources */,
				A176FD49207DF87100EB75B2 /* scaleImage2@3x.png in Resources */,
				A176FD45207DF85600EB75B2 /* man@3x.png in Resources */,
				A176FD53207F040300EB75B2 /* scaleImage1@3x.png in Resources */,
				A176FCAE207DF3C500EB75B2 /* Assets.xcassets in Resources */,
				A176FD57207F099200EB75B2 /* show.gif in Resources */,
				A176FCAC207DF3C200EB75B2 /* Main.storyboard in Resources */,
				A176FD43207DF83D00EB75B2 /* patientheightView@3x.png in Resources */,
			);
			runOnlyForDeploymentPostprocessing = 0;
		};
		A176FCB7207DF3C500EB75B2 /* Resources */ = {
			isa = PBXResourcesBuildPhase;
			buildActionMask = 2147483647;
			files = (
			);
			runOnlyForDeploymentPostprocessing = 0;
		};
		A176FCC2207DF3C500EB75B2 /* Resources */ = {
			isa = PBXResourcesBuildPhase;
			buildActionMask = 2147483647;
			files = (
			);
			runOnlyForDeploymentPostprocessing = 0;
		};
/* End PBXResourcesBuildPhase section */

/* Begin PBXSourcesBuildPhase section */
		A176FC9D207DF3C200EB75B2 /* Sources */ = {
			isa = PBXSourcesBuildPhase;
			buildActionMask = 2147483647;
			files = (
				A176FCA9207DF3C200EB75B2 /* ViewController.m in Sources */,
				A176FCB4207DF3C500EB75B2 /* main.m in Sources */,
				A176FD3E207DF65800EB75B2 /* ScaleHelper.m in Sources */,
				A176FD4C207DFA5C00EB75B2 /* PatientHeightVC.m in Sources */,
				A176FD38207DF49E00EB75B2 /* RulerTransverseScaleView.m in Sources */,
				A176FD37207DF49E00EB75B2 /* RulerVerticalScaleView.m in Sources */,
				A176FD41207DF71D00EB75B2 /* PatientWeightVC.m in Sources */,
				A176FCA6207DF3C200EB75B2 /* AppDelegate.m in Sources */,
			);
			runOnlyForDeploymentPostprocessing = 0;
		};
		A176FCB5207DF3C500EB75B2 /* Sources */ = {
			isa = PBXSourcesBuildPhase;
			buildActionMask = 2147483647;
			files = (
				A176FCBE207DF3C500EB75B2 /* rulerTests.m in Sources */,
			);
			runOnlyForDeploymentPostprocessing = 0;
		};
		A176FCC0207DF3C500EB75B2 /* Sources */ = {
			isa = PBXSourcesBuildPhase;
			buildActionMask = 2147483647;
			files = (
				A176FCC9207DF3C500EB75B2 /* rulerUITests.m in Sources */,
			);
			runOnlyForDeploymentPostprocessing = 0;
		};
/* End PBXSourcesBuildPhase section */

/* Begin PBXTargetDependency section */
		A176FCBB207DF3C500EB75B2 /* PBXTargetDependency */ = {
			isa = PBXTargetDependency;
			target = A176FCA0207DF3C200EB75B2 /* ruler */;
			targetProxy = A176FCBA207DF3C500EB75B2 /* PBXContainerItemProxy */;
		};
		A176FCC6207DF3C500EB75B2 /* PBXTargetDependency */ = {
			isa = PBXTargetDependency;
			target = A176FCA0207DF3C200EB75B2 /* ruler */;
			targetProxy = A176FCC5207DF3C500EB75B2 /* PBXContainerItemProxy */;
		};
/* End PBXTargetDependency section */

/* Begin PBXVariantGroup section */
		A176FCAA207DF3C200EB75B2 /* Main.storyboard */ = {
			isa = PBXVariantGroup;
			children = (
				A176FCAB207DF3C200EB75B2 /* Base */,
			);
			name = Main.storyboard;
			sourceTree = "<group>";
		};
		A176FCAF207DF3C500EB75B2 /* LaunchScreen.storyboard */ = {
			isa = PBXVariantGroup;
			children = (
				A176FCB0207DF3C500EB75B2 /* Base */,
			);
			name = LaunchScreen.storyboard;
			sourceTree = "<group>";
		};
/* End PBXVariantGroup section */

/* Begin XCBuildConfiguration section */
		A176FCCB207DF3C500EB75B2 /* Debug */ = {
			isa = XCBuildConfiguration;
			buildSettings = {
				ALWAYS_SEARCH_USER_PATHS = NO;
				CLANG_ANALYZER_NONNULL = YES;
				CLANG_ANALYZER_NUMBER_OBJECT_CONVERSION = YES_AGGRESSIVE;
				CLANG_CXX_LANGUAGE_STANDARD = "gnu++14";
				CLANG_CXX_LIBRARY = "libc++";
				CLANG_ENABLE_MODULES = YES;
				CLANG_ENABLE_OBJC_ARC = YES;
				CLANG_ENABLE_OBJC_WEAK = YES;
				CLANG_WARN_BLOCK_CAPTURE_AUTORELEASING = YES;
				CLANG_WARN_BOOL_CONVERSION = YES;
				CLANG_WARN_COMMA = YES;
				CLANG_WARN_CONSTANT_CONVERSION = YES;
				CLANG_WARN_DEPRECATED_OBJC_IMPLEMENTATIONS = YES;
				CLANG_WARN_DIRECT_OBJC_ISA_USAGE = YES_ERROR;
				CLANG_WARN_DOCUMENTATION_COMMENTS = YES;
				CLANG_WARN_EMPTY_BODY = YES;
				CLANG_WARN_ENUM_CONVERSION = YES;
				CLANG_WARN_INFINITE_RECURSION = YES;
				CLANG_WARN_INT_CONVERSION = YES;
				CLANG_WARN_NON_LITERAL_NULL_CONVERSION = YES;
				CLANG_WARN_OBJC_IMPLICIT_RETAIN_SELF = YES;
				CLANG_WARN_OBJC_LITERAL_CONVERSION = YES;
				CLANG_WARN_OBJC_ROOT_CLASS = YES_ERROR;
				CLANG_WARN_RANGE_LOOP_ANALYSIS = YES;
				CLANG_WARN_STRICT_PROTOTYPES = YES;
				CLANG_WARN_SUSPICIOUS_MOVE = YES;
				CLANG_WARN_UNGUARDED_AVAILABILITY = YES_AGGRESSIVE;
				CLANG_WARN_UNREACHABLE_CODE = YES;
				CLANG_WARN__DUPLICATE_METHOD_MATCH = YES;
				CODE_SIGN_IDENTITY = "iPhone Developer";
				COPY_PHASE_STRIP = NO;
				DEBUG_INFORMATION_FORMAT = dwarf;
				ENABLE_STRICT_OBJC_MSGSEND = YES;
				ENABLE_TESTABILITY = YES;
				GCC_C_LANGUAGE_STANDARD = gnu11;
				GCC_DYNAMIC_NO_PIC = NO;
				GCC_NO_COMMON_BLOCKS = YES;
				GCC_OPTIMIZATION_LEVEL = 0;
				GCC_PREPROCESSOR_DEFINITIONS = (
					"DEBUG=1",
					"$(inherited)",
				);
				GCC_WARN_64_TO_32_BIT_CONVERSION = YES;
				GCC_WARN_ABOUT_RETURN_TYPE = YES_ERROR;
				GCC_WARN_UNDECLARED_SELECTOR = YES;
				GCC_WARN_UNINITIALIZED_AUTOS = YES_AGGRESSIVE;
				GCC_WARN_UNUSED_FUNCTION = YES;
				GCC_WARN_UNUSED_VARIABLE = YES;
				IPHONEOS_DEPLOYMENT_TARGET = 11.3;
				MTL_ENABLE_DEBUG_INFO = YES;
				ONLY_ACTIVE_ARCH = YES;
				SDKROOT = iphoneos;
			};
			name = Debug;
		};
		A176FCCC207DF3C500EB75B2 /* Release */ = {
			isa = XCBuildConfiguration;
			buildSettings = {
				ALWAYS_SEARCH_USER_PATHS = NO;
				CLANG_ANALYZER_NONNULL = YES;
				CLANG_ANALYZER_NUMBER_OBJECT_CONVERSION = YES_AGGRESSIVE;
				CLANG_CXX_LANGUAGE_STANDARD = "gnu++14";
				CLANG_CXX_LIBRARY = "libc++";
				CLANG_ENABLE_MODULES = YES;
				CLANG_ENABLE_OBJC_ARC = YES;
				CLANG_ENABLE_OBJC_WEAK = YES;
				CLANG_WARN_BLOCK_CAPTURE_AUTORELEASING = YES;
				CLANG_WARN_BOOL_CONVERSION = YES;
				CLANG_WARN_COMMA = YES;
				CLANG_WARN_CONSTANT_CONVERSION = YES;
				CLANG_WARN_DEPRECATED_OBJC_IMPLEMENTATIONS = YES;
				CLANG_WARN_DIRECT_OBJC_ISA_USAGE = YES_ERROR;
				CLANG_WARN_DOCUMENTATION_COMMENTS = YES;
				CLANG_WARN_EMPTY_BODY = YES;
				CLANG_WARN_ENUM_CONVERSION = YES;
				CLANG_WARN_INFINITE_RECURSION = YES;
				CLANG_WARN_INT_CONVERSION = YES;
				CLANG_WARN_NON_LITERAL_NULL_CONVERSION = YES;
				CLANG_WARN_OBJC_IMPLICIT_RETAIN_SELF = YES;
				CLANG_WARN_OBJC_LITERAL_CONVERSION = YES;
				CLANG_WARN_OBJC_ROOT_CLASS = YES_ERROR;
				CLANG_WARN_RANGE_LOOP_ANALYSIS = YES;
				CLANG_WARN_STRICT_PROTOTYPES = YES;
				CLANG_WARN_SUSPICIOUS_MOVE = YES;
				CLANG_WARN_UNGUARDED_AVAILABILITY = YES_AGGRESSIVE;
				CLANG_WARN_UNREACHABLE_CODE = YES;
				CLANG_WARN__DUPLICATE_METHOD_MATCH = YES;
				CODE_SIGN_IDENTITY = "iPhone Developer";
				COPY_PHASE_STRIP = NO;
				DEBUG_INFORMATION_FORMAT = "dwarf-with-dsym";
				ENABLE_NS_ASSERTIONS = NO;
				ENABLE_STRICT_OBJC_MSGSEND = YES;
				GCC_C_LANGUAGE_STANDARD = gnu11;
				GCC_NO_COMMON_BLOCKS = YES;
				GCC_WARN_64_TO_32_BIT_CONVERSION = YES;
				GCC_WARN_ABOUT_RETURN_TYPE = YES_ERROR;
				GCC_WARN_UNDECLARED_SELECTOR = YES;
				GCC_WARN_UNINITIALIZED_AUTOS = YES_AGGRESSIVE;
				GCC_WARN_UNUSED_FUNCTION = YES;
				GCC_WARN_UNUSED_VARIABLE = YES;
				IPHONEOS_DEPLOYMENT_TARGET = 11.3;
				MTL_ENABLE_DEBUG_INFO = NO;
				SDKROOT = iphoneos;
				VALIDATE_PRODUCT = YES;
			};
			name = Release;
		};
		A176FCCE207DF3C500EB75B2 /* Debug */ = {
			isa = XCBuildConfiguration;
			buildSettings = {
				ASSETCATALOG_COMPILER_APPICON_NAME = AppIcon;
				CODE_SIGN_STYLE = Automatic;
				DEVELOPMENT_TEAM = 42JMUAHY73;
				INFOPLIST_FILE = ruler/Info.plist;
				LD_RUNPATH_SEARCH_PATHS = (
					"$(inherited)",
					"@executable_path/Frameworks",
				);
				PRODUCT_BUNDLE_IDENTIFIER = andy.com.ruler;
				PRODUCT_NAME = "$(TARGET_NAME)";
				TARGETED_DEVICE_FAMILY = "1,2";
			};
			name = Debug;
		};
		A176FCCF207DF3C500EB75B2 /* Release */ = {
			isa = XCBuildConfiguration;
			buildSettings = {
				ASSETCATALOG_COMPILER_APPICON_NAME = AppIcon;
				CODE_SIGN_STYLE = Automatic;
				DEVELOPMENT_TEAM = 42JMUAHY73;
				INFOPLIST_FILE = ruler/Info.plist;
				LD_RUNPATH_SEARCH_PATHS = (
					"$(inherited)",
					"@executable_path/Frameworks",
				);
				PRODUCT_BUNDLE_IDENTIFIER = andy.com.ruler;
				PRODUCT_NAME = "$(TARGET_NAME)";
				TARGETED_DEVICE_FAMILY = "1,2";
			};
			name = Release;
		};
		A176FCD1207DF3C500EB75B2 /* Debug */ = {
			isa = XCBuildConfiguration;
			buildSettings = {
				BUNDLE_LOADER = "$(TEST_HOST)";
				CODE_SIGN_STYLE = Automatic;
				DEVELOPMENT_TEAM = 42JMUAHY73;
				INFOPLIST_FILE = rulerTests/Info.plist;
				LD_RUNPATH_SEARCH_PATHS = (
					"$(inherited)",
					"@executable_path/Frameworks",
					"@loader_path/Frameworks",
				);
				PRODUCT_BUNDLE_IDENTIFIER = andy.com.rulerTests;
				PRODUCT_NAME = "$(TARGET_NAME)";
				TARGETED_DEVICE_FAMILY = "1,2";
				TEST_HOST = "$(BUILT_PRODUCTS_DIR)/ruler.app/ruler";
			};
			name = Debug;
		};
		A176FCD2207DF3C500EB75B2 /* Release */ = {
			isa = XCBuildConfiguration;
			buildSettings = {
				BUNDLE_LOADER = "$(TEST_HOST)";
				CODE_SIGN_STYLE = Automatic;
				DEVELOPMENT_TEAM = 42JMUAHY73;
				INFOPLIST_FILE = rulerTests/Info.plist;
				LD_RUNPATH_SEARCH_PATHS = (
					"$(inherited)",
					"@executable_path/Frameworks",
					"@loader_path/Frameworks",
				);
				PRODUCT_BUNDLE_IDENTIFIER = andy.com.rulerTests;
				PRODUCT_NAME = "$(TARGET_NAME)";
				TARGETED_DEVICE_FAMILY = "1,2";
				TEST_HOST = "$(BUILT_PRODUCTS_DIR)/ruler.app/ruler";
			};
			name = Release;
		};
		A176FCD4207DF3C500EB75B2 /* Debug */ = {
			isa = XCBuildConfiguration;
			buildSettings = {
				CODE_SIGN_STYLE = Automatic;
				DEVELOPMENT_TEAM = 42JMUAHY73;
				INFOPLIST_FILE = rulerUITests/Info.plist;
				LD_RUNPATH_SEARCH_PATHS = (
					"$(inherited)",
					"@executable_path/Frameworks",
					"@loader_path/Frameworks",
				);
				PRODUCT_BUNDLE_IDENTIFIER = andy.com.rulerUITests;
				PRODUCT_NAME = "$(TARGET_NAME)";
				TARGETED_DEVICE_FAMILY = "1,2";
				TEST_TARGET_NAME = ruler;
			};
			name = Debug;
		};
		A176FCD5207DF3C500EB75B2 /* Release */ = {
			isa = XCBuildConfiguration;
			buildSettings = {
				CODE_SIGN_STYLE = Automatic;
				DEVELOPMENT_TEAM = 42JMUAHY73;
				INFOPLIST_FILE = rulerUITests/Info.plist;
				LD_RUNPATH_SEARCH_PATHS = (
					"$(inherited)",
					"@executable_path/Frameworks",
					"@loader_path/Frameworks",
				);
				PRODUCT_BUNDLE_IDENTIFIER = andy.com.rulerUITests;
				PRODUCT_NAME = "$(TARGET_NAME)";
				TARGETED_DEVICE_FAMILY = "1,2";
				TEST_TARGET_NAME = ruler;
			};
			name = Release;
		};
/* End XCBuildConfiguration section */

/* Begin XCConfigurationList section */
		A176FC9C207DF3C200EB75B2 /* Build configuration list for PBXProject "ruler" */ = {
			isa = XCConfigurationList;
			buildConfigurations = (
				A176FCCB207DF3C500EB75B2 /* Debug */,
				A176FCCC207DF3C500EB75B2 /* Release */,
			);
			defaultConfigurationIsVisible = 0;
			defaultConfigurationName = Release;
		};
		A176FCCD207DF3C500EB75B2 /* Build configuration list for PBXNativeTarget "ruler" */ = {
			isa = XCConfigurationList;
			buildConfigurations = (
				A176FCCE207DF3C500EB75B2 /* Debug */,
				A176FCCF207DF3C500EB75B2 /* Release */,
			);
			defaultConfigurationIsVisible = 0;
			defaultConfigurationName = Release;
		};
		A176FCD0207DF3C500EB75B2 /* Build configuration list for PBXNativeTarget "rulerTests" */ = {
			isa = XCConfigurationList;
			buildConfigurations = (
				A176FCD1207DF3C500EB75B2 /* Debug */,
				A176FCD2207DF3C500EB75B2 /* Release */,
			);
			defaultConfigurationIsVisible = 0;
			defaultConfigurationName = Release;
		};
		A176FCD3207DF3C500EB75B2 /* Build configuration list for PBXNativeTarget "rulerUITests" */ = {
			isa = XCConfigurationList;
			buildConfigurations = (
				A176FCD4207DF3C500EB75B2 /* Debug */,
				A176FCD5207DF3C500EB75B2 /* Release */,
			);
			defaultConfigurationIsVisible = 0;
			defaultConfigurationName = Release;
		};
/* End XCConfigurationList section */
	};
	rootObject = A176FC99207DF3C200EB75B2 /* Project object */;
}
